{
  "originHash" : "a3bcaa15a454fa7370ad47de0b4a365f92876b40d5fa0a3e490eb29c4688cd7b",
  "pins" : [
    {
      "identity" : "purchases-ios-spm",
      "kind" : "remoteSourceControl",
      "location" : "https://github.com/RevenueCat/purchases-ios-spm",
      "state" : {
        "revision" : "b65cae4f227be800c57cb9700dbd94f2aa5409b2",
        "version" : "5.87.1"
      }
    }
  ],
  "version" : 3
}
